<?xml version="1.0" encoding="utf-8"?>
<Project ToolsVersion="4.0" xmlns="http://schemas.microsoft.com/developer/msbuild/2003">
  <ItemGroup>
    <Filter Include="Source Files">
      <UniqueIdentifier>{4FC737F1-C7A5-4376-A066-2A32D752A2FF}</UniqueIdentifier>
      <Extensions>cpp;c;cc;cxx;def;odl;idl;hpj;bat;asm;asmx</Extensions>
    </Filter>
    <Filter Include="Header Files">
      <UniqueIdentifier>{93995380-89BD-4b04-88EB-625FBE52EBFB}</UniqueIdentifier>
      <Extensions>h;hh;hpp;hxx;hm;inl;inc;xsd</Extensions>
    </Filter>
    <Filter Include="Resource Files">
      <UniqueIdentifier>{67DA6AB6-F800-4c08-8B7A-83BB121AAD01}</UniqueIdentifier>
      <Extensions>rc;ico;cur;bmp;dlg;rc2;rct;bin;rgs;gif;jpg;jpeg;jpe;resx;tiff;tif;png;wav;mfcribbon-ms</Extensions>
    </Filter>
  </ItemGroup>
  <ItemGroup>
    <Text Include="ReadMe.txt" />
  </ItemGroup>
  <ItemGroup>
    <ClInclude Include="stdafx.h">
      <Filter>Header Files</Filter>
    </ClInclude>
    <ClInclude Include="targetver.h">
      <Filter>Header Files</Filter>
    </ClInclude>
  </ItemGroup>
  <ItemGroup>
    <ClCompile Include="stdafx.cpp">
      <Filter>Source Files</Filter>
    </ClCompile>
    <ClCompile Include="d1ps1tricolour.cpp">
      <Filter>Source Files</Filter>
    </ClCompile>
    <ClCompile Include="d1ps2chessboard.cpp">
      <Filter>Source Files</Filter>
    </ClCompile>
    <ClCompile Include="d1c1ComputerVision%28SampleCode%29.cpp">
      <Filter>Source Files</Filter>
    </ClCompile>
    <ClCompile Include="d2c1rgb2gray.cpp">
      <Filter>Source Files</Filter>
    </ClCompile>
    <ClCompile Include="d2c2gray2binary.cpp">
      <Filter>Source Files</Filter>
    </ClCompile>
    <ClCompile Include="d2c3binaryhistogram.cpp">
      <Filter>Source Files</Filter>
    </ClCompile>
    <ClCompile Include="d2c4binarytrackbar.cpp">
      <Filter>Source Files</Filter>
    </ClCompile>
    <ClCompile Include="d2c5searchcolourtrackbar.cpp">
      <Filter>Source Files</Filter>
    </ClCompile>
    <ClCompile Include="d2c6trackcolourmouse.cpp">
      <Filter>Source Files</Filter>
    </ClCompile>
    <ClCompile Include="d2ps1binaryRGBhistogram.cpp">
      <Filter>Source Files</Filter>
    </ClCompile>
    <ClCompile Include="d2ps2binaryRGBerrtrackbar.cpp">
      <Filter>Source Files</Filter>
    </ClCompile>
    <ClCompile Include="d2ps3zoominzoomout.cpp">
      <Filter>Source Files</Filter>
    </ClCompile>
    <ClCompile Include="d3c1blurmeanmedian.cpp">
      <Filter>Source Files</Filter>
    </ClCompile>
    <ClCompile Include="d3c2blurmeanmediankerneltrackbar.cpp">
      <Filter>Source Files</Filter>
    </ClCompile>
    <ClCompile Include="d3c3blurgaussian.cpp">
      <Filter>Source Files</Filter>
    </ClCompile>
    <ClCompile Include="d3c4sobelxandy.cpp">
      <Filter>Source Files</Filter>
    </ClCompile>
    <ClCompile Include="d3c5blurmaxminth.cpp">
      <Filter>Source Files</Filter>
    </ClCompile>
    <ClCompile Include="d3c6resultantsobel.cpp">
      <Filter>Source Files</Filter>
    </ClCompile>
    <ClCompile Include="d3ps1histogram.cpp">
      <Filter>Source Files</Filter>
    </ClCompile>
    <ClCompile Include="d3ps2mirrorwaterreflection.cpp">
      <Filter>Source Files</Filter>
    </ClCompile>
    <ClCompile Include="d3ps3erosiondialationtrackbar.cpp">
      <Filter>Source Files</Filter>
    </ClCompile>
    <ClCompile Include="d4c1shishumanblobdetect.cpp">
      <Filter>Source Files</Filter>
    </ClCompile>
    <ClCompile Include="d4c2blobdetectdfsrecursive.cpp">
      <Filter>Source Files</Filter>
    </ClCompile>
    <ClCompile Include="d4ps1blobcentroid.cpp">
      <Filter>Source Files</Filter>
    </ClCompile>
    <ClCompile Include="d5c1dhoom3webcam.cpp">
      <Filter>Source Files</Filter>
    </ClCompile>
    <ClCompile Include="d5c2dhoom3webcamhgs.cpp">
      <Filter>Source Files</Filter>
    </ClCompile>
    <ClCompile Include="d5c3dhoom3webcambinary.cpp">
      <Filter>Source Files</Filter>
    </ClCompile>
    <ClCompile Include="d5c4totalframes.cpp">
      <Filter>Source Files</Filter>
    </ClCompile>
    <ClCompile Include="d5c5playingvideo.cpp">
      <Filter>Source Files</Filter>
    </ClCompile>
    <ClCompile Include="d5c6linedetection.cpp">
      <Filter>Source Files</Filter>
    </ClCompile>
    <ClCompile Include="d5c7contourcornerscount.cpp">
      <Filter>Source Files</Filter>
    </ClCompile>
    <ClCompile Include="d3c8erosiondialation.cpp">
      <Filter>Source Files</Filter>
    </ClCompile>
    <ClCompile Include="d3c7Canny.cpp">
      <Filter>Source Files</Filter>
    </ClCompile>
    <ClCompile Include="d5ps1resultantprewitt.cpp">
      <Filter>Source Files</Filter>
    </ClCompile>
    <ClCompile Include="d5ps2longestline.cpp">
      <Filter>Source Files</Filter>
    </ClCompile>
    <ClCompile Include="d6c1linecurvedetect.cpp">
      <Filter>Source Files</Filter>
    </ClCompile>
    <ClCompile Include="d6c2RGB2HSV.cpp">
      <Filter>Source Files</Filter>
    </ClCompile>
    <ClCompile Include="ups.cpp">
      <Filter>Source Files</Filter>
    </ClCompile>
    <ClCompile Include="upssupport.cpp">
      <Filter>Source Files</Filter>
    </ClCompile>
    <ClCompile Include="ps2.cpp">
      <Filter>Source Files</Filter>
    </ClCompile>
  </ItemGroup>
</Project>